
Microsoft Visual Studio Solution File, Format Version 12.00
# Visual Studio Version 16
VisualStudioVersion = 16.0.31025.194
MinimumVisualStudioVersion = 10.0.40219.1
Project("{FAE04EC0-301F-11D3-BF4B-00C04F79EFBC}") = "monthOfTheYear", "monthOfTheYear\monthOfTheYear.csproj", "{E27C4E72-CB78-4909-8AAE-4D96C7401E32}"
EndProject
Global
	GlobalSection(SolutionConfigurationPlatforms) = preSolution
		Debug|Any CPU = Debug|Any CPU
		Release|Any CPU = Release|Any CPU
	EndGlobalSection
	GlobalSection(ProjectConfigurationPlatforms) = postSolution
		{E27C4E72-CB78-4909-8AAE-4D96C7401E32}.Debug|Any CPU.ActiveCfg = Debug|Any CPU
		{E27C4E72-CB78-4909-8AAE-4D96C7401E32}.Debug|Any CPU.Build.0 = Debug|Any CPU
		{E27C4E72-CB78-4909-8AAE-4D96C7401E32}.Release|Any CPU.ActiveCfg = Release|Any CPU
		{E27C4E72-CB78-4909-8AAE-4D96C7401E32}.Release|Any CPU.Build.0 = Release|Any CPU
	EndGlobalSection
	GlobalSection(SolutionProperties) = preSolution
		HideSolutionNode = FALSE
	EndGlobalSection
	GlobalSection(ExtensibilityGlobals) = postSolution
		SolutionGuid = {01212ED5-ED01-4B36-99B7-88E4D8ED2E65}
	EndGlobalSection
EndGlobal
