
Microsoft Visual Studio Solution File, Format Version 12.00
# Visual Studio Version 16
VisualStudioVersion = 16.0.31025.194
MinimumVisualStudioVersion = 10.0.40219.1
Project("{FAE04EC0-301F-11D3-BF4B-00C04F79EFBC}") = "differentArrayNumbers", "differentArrayNumbers\differentArrayNumbers.csproj", "{B1BAB0EF-1BA2-440E-93F5-A8C1319A4A93}"
EndProject
Global
	GlobalSection(SolutionConfigurationPlatforms) = preSolution
		Debug|Any CPU = Debug|Any CPU
		Release|Any CPU = Release|Any CPU
	EndGlobalSection
	GlobalSection(ProjectConfigurationPlatforms) = postSolution
		{B1BAB0EF-1BA2-440E-93F5-A8C1319A4A93}.Debug|Any CPU.ActiveCfg = Debug|Any CPU
		{B1BAB0EF-1BA2-440E-93F5-A8C1319A4A93}.Debug|Any CPU.Build.0 = Debug|Any CPU
		{B1BAB0EF-1BA2-440E-93F5-A8C1319A4A93}.Release|Any CPU.ActiveCfg = Release|Any CPU
		{B1BAB0EF-1BA2-440E-93F5-A8C1319A4A93}.Release|Any CPU.Build.0 = Release|Any CPU
	EndGlobalSection
	GlobalSection(SolutionProperties) = preSolution
		HideSolutionNode = FALSE
	EndGlobalSection
	GlobalSection(ExtensibilityGlobals) = postSolution
		SolutionGuid = {677D246F-FEC5-42C8-9A75-6770C442991A}
	EndGlobalSection
EndGlobal
