
Microsoft Visual Studio Solution File, Format Version 12.00
# Visual Studio Version 16
VisualStudioVersion = 16.0.31025.194
MinimumVisualStudioVersion = 10.0.40219.1
Project("{FAE04EC0-301F-11D3-BF4B-00C04F79EFBC}") = "randomDistinctOrderByDescending", "randomDistinctOrderByDescending\randomDistinctOrderByDescending.csproj", "{98686162-2586-4584-8CF2-3AD23E4ABE96}"
EndProject
Global
	GlobalSection(SolutionConfigurationPlatforms) = preSolution
		Debug|Any CPU = Debug|Any CPU
		Release|Any CPU = Release|Any CPU
	EndGlobalSection
	GlobalSection(ProjectConfigurationPlatforms) = postSolution
		{98686162-2586-4584-8CF2-3AD23E4ABE96}.Debug|Any CPU.ActiveCfg = Debug|Any CPU
		{98686162-2586-4584-8CF2-3AD23E4ABE96}.Debug|Any CPU.Build.0 = Debug|Any CPU
		{98686162-2586-4584-8CF2-3AD23E4ABE96}.Release|Any CPU.ActiveCfg = Release|Any CPU
		{98686162-2586-4584-8CF2-3AD23E4ABE96}.Release|Any CPU.Build.0 = Release|Any CPU
	EndGlobalSection
	GlobalSection(SolutionProperties) = preSolution
		HideSolutionNode = FALSE
	EndGlobalSection
	GlobalSection(ExtensibilityGlobals) = postSolution
		SolutionGuid = {75D80BD4-BC6B-42AF-A8AD-C5333F2238C7}
	EndGlobalSection
EndGlobal
